
Microsoft Visual Studio Solution File, Format Version 12.00
# Visual Studio 15
VisualStudioVersion = 15.0.27428.2011
MinimumVisualStudioVersion = 10.0.40219.1
Project("{FAE04EC0-301F-11D3-BF4B-00C04F79EFBC}") = "Library_API", "Library_API\Library_API.csproj", "{B3DD6065-B4CA-4295-97AB-069BBFF6D30F}"
EndProject
Global
	GlobalSection(SolutionConfigurationPlatforms) = preSolution
		Debug|Any CPU = Debug|Any CPU
		Release|Any CPU = Release|Any CPU
	EndGlobalSection
	GlobalSection(ProjectConfigurationPlatforms) = postSolution
		{B3DD6065-B4CA-4295-97AB-069BBFF6D30F}.Debug|Any CPU.ActiveCfg = Debug|Any CPU
		{B3DD6065-B4CA-4295-97AB-069BBFF6D30F}.Debug|Any CPU.Build.0 = Debug|Any CPU
		{B3DD6065-B4CA-4295-97AB-069BBFF6D30F}.Release|Any CPU.ActiveCfg = Release|Any CPU
		{B3DD6065-B4CA-4295-97AB-069BBFF6D30F}.Release|Any CPU.Build.0 = Release|Any CPU
	EndGlobalSection
	GlobalSection(SolutionProperties) = preSolution
		HideSolutionNode = FALSE
	EndGlobalSection
	GlobalSection(ExtensibilityGlobals) = postSolution
		SolutionGuid = {7FF2AD3B-1355-445B-8813-E8DC75894B77}
	EndGlobalSection
EndGlobal
